PODS:
  - Flutter (1.0.0)
  - flutter_plugin_ble_printer (0.0.1):
    - Flutter

DEPENDENCIES:
  - Flutter (from `Flutter`)
  - flutter_plugin_ble_printer (from `.symlinks/plugins/flutter_plugin_ble_printer/ios`)

EXTERNAL SOURCES:
  Flutter:
    :path: Flutter
  flutter_plugin_ble_printer:
    :path: ".symlinks/plugins/flutter_plugin_ble_printer/ios"

SPEC CHECKSUMS:
  Flutter: f04841e97a9d0b0a8025694d0796dd46242b2854
  flutter_plugin_ble_printer: 81c30526ef4e88875224d280c57c6436ef4bf92f

PODFILE CHECKSUM: 663715e941f9adb426e33bf9376914006f9ea95b

COCOAPODS: 1.11.2
