PODS:
  - Flutter (1.0.0)
  - flutter_plugin_ble_printer (0.0.1):
    - Flutter

DEPENDENCIES:
  - Flutter (from `Flutter`)
  - flutter_plugin_ble_printer (from `.symlinks/plugins/flutter_plugin_ble_printer/ios`)

EXTERNAL SOURCES:
  Flutter:
    :path: Flutter
  flutter_plugin_ble_printer:
    :path: ".symlinks/plugins/flutter_plugin_ble_printer/ios"

SPEC CHECKSUMS:
  Flutter: e0871f40cf51350855a761d2e70bf5af5b9b5de7
  flutter_plugin_ble_printer: fd6ccbc1daa3b2ccb949dad218a424df5d13c410

PODFILE CHECKSUM: 1a782344d33c12ced0182eeab11e8668d253eb48

COCOAPODS: 1.16.2
